
Microsoft Visual Studio Solution File, Format Version 12.00
# Visual Studio Version 17
VisualStudioVersion = 17.8.34511.84
MinimumVisualStudioVersion = 10.0.40219.1
Project("{9A19103F-16F7-4668-BE54-9A1E7A4F7556}") = "WitsXMxic", "MVC\WitsXMxic.csproj", "{0FDD82BA-6B7E-41F0-84EB-21D0806DC529}"
EndProject
Project("{FAE04EC0-301F-11D3-BF4B-00C04F79EFBC}") = "WitsXMxic_WebFormVersion", "WebForm\WitsXMxic_WebFormVersion\WitsXMxic_WebFormVersion.csproj", "{2463AC8C-8A41-4885-AA7D-F61CE325BC39}"
EndProject
Global
	GlobalSection(SolutionConfigurationPlatforms) = preSolution
		Debug|Any CPU = Debug|Any CPU
		Release|Any CPU = Release|Any CPU
	EndGlobalSection
	GlobalSection(ProjectConfigurationPlatforms) = postSolution
		{0FDD82BA-6B7E-41F0-84EB-21D0806DC529}.Debug|Any CPU.ActiveCfg = Debug|Any CPU
		{0FDD82BA-6B7E-41F0-84EB-21D0806DC529}.Debug|Any CPU.Build.0 = Debug|Any CPU
		{0FDD82BA-6B7E-41F0-84EB-21D0806DC529}.Release|Any CPU.ActiveCfg = Release|Any CPU
		{0FDD82BA-6B7E-41F0-84EB-21D0806DC529}.Release|Any CPU.Build.0 = Release|Any CPU
		{2463AC8C-8A41-4885-AA7D-F61CE325BC39}.Debug|Any CPU.ActiveCfg = Debug|Any CPU
		{2463AC8C-8A41-4885-AA7D-F61CE325BC39}.Debug|Any CPU.Build.0 = Debug|Any CPU
		{2463AC8C-8A41-4885-AA7D-F61CE325BC39}.Release|Any CPU.ActiveCfg = Release|Any CPU
		{2463AC8C-8A41-4885-AA7D-F61CE325BC39}.Release|Any CPU.Build.0 = Release|Any CPU
	EndGlobalSection
	GlobalSection(SolutionProperties) = preSolution
		HideSolutionNode = FALSE
	EndGlobalSection
	GlobalSection(ExtensibilityGlobals) = postSolution
		SolutionGuid = {66B39A2D-95EB-4451-B4F3-C1A1128F4DA4}
	EndGlobalSection
EndGlobal
